
Microsoft Visual Studio Solution File, Format Version 12.00
# Visual Studio Version 16
VisualStudioVersion = 16.0.30907.101
MinimumVisualStudioVersion = 10.0.40219.1
Project("{FAE04EC0-301F-11D3-BF4B-00C04F79EFBC}") = "M200", "M200\M200.csproj", "{FCE8A939-4B6C-448B-A265-7AD84F70105E}"
EndProject
Global
	GlobalSection(SolutionConfigurationPlatforms) = preSolution
		Debug|Any CPU = Debug|Any CPU
		Release|Any CPU = Release|Any CPU
	EndGlobalSection
	GlobalSection(ProjectConfigurationPlatforms) = postSolution
		{FCE8A939-4B6C-448B-A265-7AD84F70105E}.Debug|Any CPU.ActiveCfg = Debug|Any CPU
		{FCE8A939-4B6C-448B-A265-7AD84F70105E}.Debug|Any CPU.Build.0 = Debug|Any CPU
		{FCE8A939-4B6C-448B-A265-7AD84F70105E}.Release|Any CPU.ActiveCfg = Release|Any CPU
		{FCE8A939-4B6C-448B-A265-7AD84F70105E}.Release|Any CPU.Build.0 = Release|Any CPU
	EndGlobalSection
	GlobalSection(SolutionProperties) = preSolution
		HideSolutionNode = FALSE
	EndGlobalSection
	GlobalSection(ExtensibilityGlobals) = postSolution
		SolutionGuid = {03520C8A-F9C8-4ADE-AA4E-8CBD08EE4D53}
	EndGlobalSection
EndGlobal
